
Microsoft Visual Studio Solution File, Format Version 12.00
# Visual Studio Version 16
VisualStudioVersion = 16.0.29009.5
MinimumVisualStudioVersion = 10.0.40219.1
Project("{9A19103F-16F7-4668-BE54-9A1E7A4F7556}") = "ForEachChallenge", "ForEachChallenge\ForEachChallenge.csproj", "{82AEB59D-C9FE-42F1-9181-7DB217972AF1}"
EndProject
Project("{FAE04EC0-301F-11D3-BF4B-00C04F79EFBC}") = "TextFilesChallenge", "TextFilesChallenge\TextFilesChallenge.csproj", "{E7B468FC-102B-4778-A700-FF6416B39123}"
EndProject
Global
	GlobalSection(SolutionConfigurationPlatforms) = preSolution
		Debug|Any CPU = Debug|Any CPU
		Release|Any CPU = Release|Any CPU
	EndGlobalSection
	GlobalSection(ProjectConfigurationPlatforms) = postSolution
		{82AEB59D-C9FE-42F1-9181-7DB217972AF1}.Debug|Any CPU.ActiveCfg = Debug|Any CPU
		{82AEB59D-C9FE-42F1-9181-7DB217972AF1}.Debug|Any CPU.Build.0 = Debug|Any CPU
		{82AEB59D-C9FE-42F1-9181-7DB217972AF1}.Release|Any CPU.ActiveCfg = Release|Any CPU
		{82AEB59D-C9FE-42F1-9181-7DB217972AF1}.Release|Any CPU.Build.0 = Release|Any CPU
		{E7B468FC-102B-4778-A700-FF6416B39123}.Debug|Any CPU.ActiveCfg = Debug|Any CPU
		{E7B468FC-102B-4778-A700-FF6416B39123}.Debug|Any CPU.Build.0 = Debug|Any CPU
		{E7B468FC-102B-4778-A700-FF6416B39123}.Release|Any CPU.ActiveCfg = Release|Any CPU
		{E7B468FC-102B-4778-A700-FF6416B39123}.Release|Any CPU.Build.0 = Release|Any CPU
	EndGlobalSection
	GlobalSection(SolutionProperties) = preSolution
		HideSolutionNode = FALSE
	EndGlobalSection
	GlobalSection(ExtensibilityGlobals) = postSolution
		SolutionGuid = {76C51F6D-C473-41D2-95B8-307AEA970A4C}
	EndGlobalSection
EndGlobal
